// !$*UTF8*$!
{
	archiveVersion = 1;
	classes = {
	};
	objectVersion = 56;
	objects = {

/* Begin PBXBuildFile section */
		258AFDBC2949D1D7006C43CD /* AppDelegate.swift in Sources */ = {isa = PBXBuildFile; fileRef = 258AFDBB2949D1D7006C43CD /* AppDelegate.swift */; };
		258AFDBE2949D1D7006C43CD /* SceneDelegate.swift in Sources */ = {isa = PBXBuildFile; fileRef = 258AFDBD2949D1D7006C43CD /* SceneDelegate.swift */; };
		258AFDC52949D1D9006C43CD /* Assets.xcassets in Resources */ = {isa = PBXBuildFile; fileRef = 258AFDC42949D1D9006C43CD /* Assets.xcassets */; };
		258AFDC82949D1D9006C43CD /* LaunchScreen.storyboard in Resources */ = {isa = PBXBuildFile; fileRef = 258AFDC62949D1D9006C43CD /* LaunchScreen.storyboard */; };
		258AFDD72949D295006C43CD /* ProductModel.swift in Sources */ = {isa = PBXBuildFile; fileRef = 258AFDD62949D295006C43CD /* ProductModel.swift */; };
		258AFDDD2949D2C2006C43CD /* ProductsViewController.swift in Sources */ = {isa = PBXBuildFile; fileRef = 258AFDDB2949D2C2006C43CD /* ProductsViewController.swift */; };
		258AFDDE2949D2C2006C43CD /* ProductsViewController.xib in Resources */ = {isa = PBXBuildFile; fileRef = 258AFDDC2949D2C2006C43CD /* ProductsViewController.xib */; };
		258AFDE02949D2DE006C43CD /* ProductsViewModelType.swift in Sources */ = {isa = PBXBuildFile; fileRef = 258AFDDF2949D2DE006C43CD /* ProductsViewModelType.swift */; };
		258AFDE22949D2ED006C43CD /* ProductsViewModel.swift in Sources */ = {isa = PBXBuildFile; fileRef = 258AFDE12949D2ED006C43CD /* ProductsViewModel.swift */; };
		258AFDE82949D833006C43CD /* UIStyle in Frameworks */ = {isa = PBXBuildFile; productRef = 258AFDE72949D833006C43CD /* UIStyle */; };
		258AFDEB2949D856006C43CD /* PoductsCollectionViewCell.xib in Resources */ = {isa = PBXBuildFile; fileRef = 258AFDE92949D855006C43CD /* PoductsCollectionViewCell.xib */; };
		258AFDEC2949D856006C43CD /* PoductsCollectionViewCell.swift in Sources */ = {isa = PBXBuildFile; fileRef = 258AFDEA2949D856006C43CD /* PoductsCollectionViewCell.swift */; };
		258AFDEE2949D905006C43CD /* products.json in Resources */ = {isa = PBXBuildFile; fileRef = 258AFDED2949D905006C43CD /* products.json */; };
		258AFDF52949EADC006C43CD /* ProductDetailsViewController.swift in Sources */ = {isa = PBXBuildFile; fileRef = 258AFDF32949EADC006C43CD /* ProductDetailsViewController.swift */; };
		258AFDF62949EADC006C43CD /* ProductDetailsViewController.xib in Resources */ = {isa = PBXBuildFile; fileRef = 258AFDF42949EADC006C43CD /* ProductDetailsViewController.xib */; };
		258AFDFC2949EB17006C43CD /* ProductDetailsViewModelType.swift in Sources */ = {isa = PBXBuildFile; fileRef = 258AFDFB2949EB17006C43CD /* ProductDetailsViewModelType.swift */; };
		258AFDFE2949EB20006C43CD /* ProductDetailsViewModel.swift in Sources */ = {isa = PBXBuildFile; fileRef = 258AFDFD2949EB20006C43CD /* ProductDetailsViewModel.swift */; };
		258AFE062949F2DF006C43CD /* Coordinator.swift in Sources */ = {isa = PBXBuildFile; fileRef = 258AFE052949F2DF006C43CD /* Coordinator.swift */; };
		258AFE082949F314006C43CD /* AppCoordinator.swift in Sources */ = {isa = PBXBuildFile; fileRef = 258AFE072949F314006C43CD /* AppCoordinator.swift */; };
		258AFE0A2949F331006C43CD /* ProductCoordinator.swift in Sources */ = {isa = PBXBuildFile; fileRef = 258AFE092949F331006C43CD /* ProductCoordinator.swift */; };
		258AFE0D294A034E006C43CD /* PinterestLayout.swift in Sources */ = {isa = PBXBuildFile; fileRef = 258AFE0C294A034E006C43CD /* PinterestLayout.swift */; };
/* End PBXBuildFile section */

/* Begin PBXFileReference section */
		258AFDB82949D1D7006C43CD /* ProductListDemo_ThirdwayvChallenge.app */ = {isa = PBXFileReference; explicitFileType = wrapper.application; includeInIndex = 0; path = ProductListDemo_ThirdwayvChallenge.app; sourceTree = BUILT_PRODUCTS_DIR; };
		258AFDBB2949D1D7006C43CD /* AppDelegate.swift */ = {isa = PBXFileReference; lastKnownFileType = sourcecode.swift; path = AppDelegate.swift; sourceTree = "<group>"; };
		258AFDBD2949D1D7006C43CD /* SceneDelegate.swift */ = {isa = PBXFileReference; lastKnownFileType = sourcecode.swift; path = SceneDelegate.swift; sourceTree = "<group>"; };
		258AFDC42949D1D9006C43CD /* Assets.xcassets */ = {isa = PBXFileReference; lastKnownFileType = folder.assetcatalog; path = Assets.xcassets; sourceTree = "<group>"; };
		258AFDC72949D1D9006C43CD /* Base */ = {isa = PBXFileReference; lastKnownFileType = file.storyboard; name = Base; path = Base.lproj/LaunchScreen.storyboard; sourceTree = "<group>"; };
		258AFDC92949D1D9006C43CD /* Info.plist */ = {isa = PBXFileReference; lastKnownFileType = text.plist.xml; path = Info.plist; sourceTree = "<group>"; };
		258AFDD62949D295006C43CD /* ProductModel.swift */ = {isa = PBXFileReference; lastKnownFileType = sourcecode.swift; path = ProductModel.swift; sourceTree = "<group>"; };
		258AFDDB2949D2C2006C43CD /* ProductsViewController.swift */ = {isa = PBXFileReference; lastKnownFileType = sourcecode.swift; path = ProductsViewController.swift; sourceTree = "<group>"; };
		258AFDDC2949D2C2006C43CD /* ProductsViewController.xib */ = {isa = PBXFileReference; lastKnownFileType = file.xib; path = ProductsViewController.xib; sourceTree = "<group>"; };
		258AFDDF2949D2DE006C43CD /* ProductsViewModelType.swift */ = {isa = PBXFileReference; lastKnownFileType = sourcecode.swift; path = ProductsViewModelType.swift; sourceTree = "<group>"; };
		258AFDE12949D2ED006C43CD /* ProductsViewModel.swift */ = {isa = PBXFileReference; lastKnownFileType = sourcecode.swift; path = ProductsViewModel.swift; sourceTree = "<group>"; };
		258AFDE52949D75A006C43CD /* UIStyle */ = {isa = PBXFileReference; lastKnownFileType = wrapper; path = UIStyle; sourceTree = "<group>"; };
		258AFDE92949D855006C43CD /* PoductsCollectionViewCell.xib */ = {isa = PBXFileReference; fileEncoding = 4; lastKnownFileType = file.xib; path = PoductsCollectionViewCell.xib; sourceTree = "<group>"; };
		258AFDEA2949D856006C43CD /* PoductsCollectionViewCell.swift */ = {isa = PBXFileReference; fileEncoding = 4; lastKnownFileType = sourcecode.swift; path = PoductsCollectionViewCell.swift; sourceTree = "<group>"; };
		258AFDED2949D905006C43CD /* products.json */ = {isa = PBXFileReference; fileEncoding = 4; lastKnownFileType = text.json; path = products.json; sourceTree = "<group>"; };
		258AFDF32949EADC006C43CD /* ProductDetailsViewController.swift */ = {isa = PBXFileReference; lastKnownFileType = sourcecode.swift; path = ProductDetailsViewController.swift; sourceTree = "<group>"; };
		258AFDF42949EADC006C43CD /* ProductDetailsViewController.xib */ = {isa = PBXFileReference; lastKnownFileType = file.xib; path = ProductDetailsViewController.xib; sourceTree = "<group>"; };
		258AFDFB2949EB17006C43CD /* ProductDetailsViewModelType.swift */ = {isa = PBXFileReference; lastKnownFileType = sourcecode.swift; path = ProductDetailsViewModelType.swift; sourceTree = "<group>"; };
		258AFDFD2949EB20006C43CD /* ProductDetailsViewModel.swift */ = {isa = PBXFileReference; lastKnownFileType = sourcecode.swift; path = ProductDetailsViewModel.swift; sourceTree = "<group>"; };
		258AFE052949F2DF006C43CD /* Coordinator.swift */ = {isa = PBXFileReference; lastKnownFileType = sourcecode.swift; path = Coordinator.swift; sourceTree = "<group>"; };
		258AFE072949F314006C43CD /* AppCoordinator.swift */ = {isa = PBXFileReference; lastKnownFileType = sourcecode.swift; path = AppCoordinator.swift; sourceTree = "<group>"; };
		258AFE092949F331006C43CD /* ProductCoordinator.swift */ = {isa = PBXFileReference; lastKnownFileType = sourcecode.swift; path = ProductCoordinator.swift; sourceTree = "<group>"; };
		258AFE0C294A034E006C43CD /* PinterestLayout.swift */ = {isa = PBXFileReference; lastKnownFileType = sourcecode.swift; path = PinterestLayout.swift; sourceTree = "<group>"; };
/* End PBXFileReference section */

/* Begin PBXFrameworksBuildPhase section */
		258AFDB52949D1D7006C43CD /* Frameworks */ = {
			isa = PBXFrameworksBuildPhase;
			buildActionMask = 2147483647;
			files = (
				258AFDE82949D833006C43CD /* UIStyle in Frameworks */,
			);
			runOnlyForDeploymentPostprocessing = 0;
		};
/* End PBXFrameworksBuildPhase section */

/* Begin PBXGroup section */
		258AFDAF2949D1D6006C43CD = {
			isa = PBXGroup;
			children = (
				258AFDE52949D75A006C43CD /* UIStyle */,
				258AFDBA2949D1D7006C43CD /* ProductListDemo_ThirdwayvChallenge */,
				258AFDB92949D1D7006C43CD /* Products */,
				258AFDE62949D833006C43CD /* Frameworks */,
			);
			sourceTree = "<group>";
		};
		258AFDB92949D1D7006C43CD /* Products */ = {
			isa = PBXGroup;
			children = (
				258AFDB82949D1D7006C43CD /* ProductListDemo_ThirdwayvChallenge.app */,
			);
			name = Products;
			sourceTree = "<group>";
		};
		258AFDBA2949D1D7006C43CD /* ProductListDemo_ThirdwayvChallenge */ = {
			isa = PBXGroup;
			children = (
				258AFDED2949D905006C43CD /* products.json */,
				258AFDCF2949D215006C43CD /* Delegate */,
				258AFDD02949D238006C43CD /* Utilities */,
				258AFE042949F2D5006C43CD /* Coordinator */,
				258AFE0E294A170F006C43CD /* Customs */,
				258AFDD12949D24A006C43CD /* Scenes */,
			);
			path = ProductListDemo_ThirdwayvChallenge;
			sourceTree = "<group>";
		};
		258AFDCF2949D215006C43CD /* Delegate */ = {
			isa = PBXGroup;
			children = (
				258AFDBB2949D1D7006C43CD /* AppDelegate.swift */,
				258AFDBD2949D1D7006C43CD /* SceneDelegate.swift */,
			);
			path = Delegate;
			sourceTree = "<group>";
		};
		258AFDD02949D238006C43CD /* Utilities */ = {
			isa = PBXGroup;
			children = (
				258AFDC42949D1D9006C43CD /* Assets.xcassets */,
				258AFDC62949D1D9006C43CD /* LaunchScreen.storyboard */,
				258AFDC92949D1D9006C43CD /* Info.plist */,
			);
			path = Utilities;
			sourceTree = "<group>";
		};
		258AFDD12949D24A006C43CD /* Scenes */ = {
			isa = PBXGroup;
			children = (
				258AFDD22949D24E006C43CD /* Products */,
				258AFDF22949EABF006C43CD /* ProductDetails */,
			);
			path = Scenes;
			sourceTree = "<group>";
		};
		258AFDD22949D24E006C43CD /* Products */ = {
			isa = PBXGroup;
			children = (
				258AFDD32949D25B006C43CD /* Model */,
				258AFDD42949D261006C43CD /* View */,
				258AFDD52949D266006C43CD /* ViewModel */,
			);
			path = Products;
			sourceTree = "<group>";
		};
		258AFDD32949D25B006C43CD /* Model */ = {
			isa = PBXGroup;
			children = (
				258AFDD62949D295006C43CD /* ProductModel.swift */,
			);
			path = Model;
			sourceTree = "<group>";
		};
		258AFDD42949D261006C43CD /* View */ = {
			isa = PBXGroup;
			children = (
				258AFDD82949D2A1006C43CD /* Controller */,
				258AFDD92949D2A6006C43CD /* Xib */,
				258AFDDA2949D2AB006C43CD /* Cell */,
			);
			path = View;
			sourceTree = "<group>";
		};
		258AFDD52949D266006C43CD /* ViewModel */ = {
			isa = PBXGroup;
			children = (
				258AFDDF2949D2DE006C43CD /* ProductsViewModelType.swift */,
				258AFDE12949D2ED006C43CD /* ProductsViewModel.swift */,
			);
			path = ViewModel;
			sourceTree = "<group>";
		};
		258AFDD82949D2A1006C43CD /* Controller */ = {
			isa = PBXGroup;
			children = (
				258AFDDB2949D2C2006C43CD /* ProductsViewController.swift */,
			);
			path = Controller;
			sourceTree = "<group>";
		};
		258AFDD92949D2A6006C43CD /* Xib */ = {
			isa = PBXGroup;
			children = (
				258AFDDC2949D2C2006C43CD /* ProductsViewController.xib */,
			);
			path = Xib;
			sourceTree = "<group>";
		};
		258AFDDA2949D2AB006C43CD /* Cell */ = {
			isa = PBXGroup;
			children = (
				258AFDEA2949D856006C43CD /* PoductsCollectionViewCell.swift */,
				258AFDE92949D855006C43CD /* PoductsCollectionViewCell.xib */,
			);
			path = Cell;
			sourceTree = "<group>";
		};
		258AFDE62949D833006C43CD /* Frameworks */ = {
			isa = PBXGroup;
			children = (
			);
			name = Frameworks;
			sourceTree = "<group>";
		};
		258AFDF22949EABF006C43CD /* ProductDetails */ = {
			isa = PBXGroup;
			children = (
				258AFDF92949EAFF006C43CD /* View */,
				258AFDFA2949EB07006C43CD /* ViewModel */,
			);
			path = ProductDetails;
			sourceTree = "<group>";
		};
		258AFDF72949EAE8006C43CD /* Controller */ = {
			isa = PBXGroup;
			children = (
				258AFDF32949EADC006C43CD /* ProductDetailsViewController.swift */,
			);
			path = Controller;
			sourceTree = "<group>";
		};
		258AFDF82949EAEF006C43CD /* Xib */ = {
			isa = PBXGroup;
			children = (
				258AFDF42949EADC006C43CD /* ProductDetailsViewController.xib */,
			);
			path = Xib;
			sourceTree = "<group>";
		};
		258AFDF92949EAFF006C43CD /* View */ = {
			isa = PBXGroup;
			children = (
				258AFDF72949EAE8006C43CD /* Controller */,
				258AFDF82949EAEF006C43CD /* Xib */,
			);
			path = View;
			sourceTree = "<group>";
		};
		258AFDFA2949EB07006C43CD /* ViewModel */ = {
			isa = PBXGroup;
			children = (
				258AFDFB2949EB17006C43CD /* ProductDetailsViewModelType.swift */,
				258AFDFD2949EB20006C43CD /* ProductDetailsViewModel.swift */,
			);
			path = ViewModel;
			sourceTree = "<group>";
		};
		258AFE042949F2D5006C43CD /* Coordinator */ = {
			isa = PBXGroup;
			children = (
				258AFE052949F2DF006C43CD /* Coordinator.swift */,
				258AFE072949F314006C43CD /* AppCoordinator.swift */,
				258AFE092949F331006C43CD /* ProductCoordinator.swift */,
			);
			path = Coordinator;
			sourceTree = "<group>";
		};
		258AFE0B294A032F006C43CD /* Layouts */ = {
			isa = PBXGroup;
			children = (
				258AFE0C294A034E006C43CD /* PinterestLayout.swift */,
			);
			path = Layouts;
			sourceTree = "<group>";
		};
		258AFE0E294A170F006C43CD /* Customs */ = {
			isa = PBXGroup;
			children = (
				258AFE0B294A032F006C43CD /* Layouts */,
			);
			path = Customs;
			sourceTree = "<group>";
		};
/* End PBXGroup section */

/* Begin PBXNativeTarget section */
		258AFDB72949D1D7006C43CD /* ProductListDemo_ThirdwayvChallenge */ = {
			isa = PBXNativeTarget;
			buildConfigurationList = 258AFDCC2949D1D9006C43CD /* Build configuration list for PBXNativeTarget "ProductListDemo_ThirdwayvChallenge" */;
			buildPhases = (
				258AFDB42949D1D7006C43CD /* Sources */,
				258AFDB52949D1D7006C43CD /* Frameworks */,
				258AFDB62949D1D7006C43CD /* Resources */,
			);
			buildRules = (
			);
			dependencies = (
			);
			name = ProductListDemo_ThirdwayvChallenge;
			packageProductDependencies = (
				258AFDE72949D833006C43CD /* UIStyle */,
			);
			productName = ProductListDemo_ThirdwayvChallenge;
			productReference = 258AFDB82949D1D7006C43CD /* ProductListDemo_ThirdwayvChallenge.app */;
			productType = "com.apple.product-type.application";
		};
/* End PBXNativeTarget section */

/* Begin PBXProject section */
		258AFDB02949D1D6006C43CD /* Project object */ = {
			isa = PBXProject;
			attributes = {
				BuildIndependentTargetsInParallel = 1;
				LastSwiftUpdateCheck = 1400;
				LastUpgradeCheck = 1400;
				TargetAttributes = {
					258AFDB72949D1D7006C43CD = {
						CreatedOnToolsVersion = 14.0.1;
					};
				};
			};
			buildConfigurationList = 258AFDB32949D1D6006C43CD /* Build configuration list for PBXProject "ProductListDemo_ThirdwayvChallenge" */;
			compatibilityVersion = "Xcode 14.0";
			developmentRegion = en;
			hasScannedForEncodings = 0;
			knownRegions = (
				en,
				Base,
			);
			mainGroup = 258AFDAF2949D1D6006C43CD;
			productRefGroup = 258AFDB92949D1D7006C43CD /* Products */;
			projectDirPath = "";
			projectRoot = "";
			targets = (
				258AFDB72949D1D7006C43CD /* ProductListDemo_ThirdwayvChallenge */,
			);
		};
/* End PBXProject section */

/* Begin PBXResourcesBuildPhase section */
		258AFDB62949D1D7006C43CD /* Resources */ = {
			isa = PBXResourcesBuildPhase;
			buildActionMask = 2147483647;
			files = (
				258AFDEE2949D905006C43CD /* products.json in Resources */,
				258AFDC82949D1D9006C43CD /* LaunchScreen.storyboard in Resources */,
				258AFDEB2949D856006C43CD /* PoductsCollectionViewCell.xib in Resources */,
				258AFDC52949D1D9006C43CD /* Assets.xcassets in Resources */,
				258AFDF62949EADC006C43CD /* ProductDetailsViewController.xib in Resources */,
				258AFDDE2949D2C2006C43CD /* ProductsViewController.xib in Resources */,
			);
			runOnlyForDeploymentPostprocessing = 0;
		};
/* End PBXResourcesBuildPhase section */

/* Begin PBXSourcesBuildPhase section */
		258AFDB42949D1D7006C43CD /* Sources */ = {
			isa = PBXSourcesBuildPhase;
			buildActionMask = 2147483647;
			files = (
				258AFDE02949D2DE006C43CD /* ProductsViewModelType.swift in Sources */,
				258AFE062949F2DF006C43CD /* Coordinator.swift in Sources */,
				258AFE082949F314006C43CD /* AppCoordinator.swift in Sources */,
				258AFE0A2949F331006C43CD /* ProductCoordinator.swift in Sources */,
				258AFDE22949D2ED006C43CD /* ProductsViewModel.swift in Sources */,
				258AFDF52949EADC006C43CD /* ProductDetailsViewController.swift in Sources */,
				258AFDBC2949D1D7006C43CD /* AppDelegate.swift in Sources */,
				258AFDFC2949EB17006C43CD /* ProductDetailsViewModelType.swift in Sources */,
				258AFDEC2949D856006C43CD /* PoductsCollectionViewCell.swift in Sources */,
				258AFDBE2949D1D7006C43CD /* SceneDelegate.swift in Sources */,
				258AFE0D294A034E006C43CD /* PinterestLayout.swift in Sources */,
				258AFDD72949D295006C43CD /* ProductModel.swift in Sources */,
				258AFDDD2949D2C2006C43CD /* ProductsViewController.swift in Sources */,
				258AFDFE2949EB20006C43CD /* ProductDetailsViewModel.swift in Sources */,
			);
			runOnlyForDeploymentPostprocessing = 0;
		};
/* End PBXSourcesBuildPhase section */

/* Begin PBXVariantGroup section */
		258AFDC62949D1D9006C43CD /* LaunchScreen.storyboard */ = {
			isa = PBXVariantGroup;
			children = (
				258AFDC72949D1D9006C43CD /* Base */,
			);
			name = LaunchScreen.storyboard;
			sourceTree = "<group>";
		};
/* End PBXVariantGroup section */

/* Begin XCBuildConfiguration section */
		258AFDCA2949D1D9006C43CD /* Debug */ = {
			isa = XCBuildConfiguration;
			buildSettings = {
				ALWAYS_SEARCH_USER_PATHS = NO;
				CLANG_ANALYZER_NONNULL = YES;
				CLANG_ANALYZER_NUMBER_OBJECT_CONVERSION = YES_AGGRESSIVE;
				CLANG_CXX_LANGUAGE_STANDARD = "gnu++20";
				CLANG_ENABLE_MODULES = YES;
				CLANG_ENABLE_OBJC_ARC = YES;
				CLANG_ENABLE_OBJC_WEAK = YES;
				CLANG_WARN_BLOCK_CAPTURE_AUTORELEASING = YES;
				CLANG_WARN_BOOL_CONVERSION = YES;
				CLANG_WARN_COMMA = YES;
				CLANG_WARN_CONSTANT_CONVERSION = YES;
				CLANG_WARN_DEPRECATED_OBJC_IMPLEMENTATIONS = YES;
				CLANG_WARN_DIRECT_OBJC_ISA_USAGE = YES_ERROR;
				CLANG_WARN_DOCUMENTATION_COMMENTS = YES;
				CLANG_WARN_EMPTY_BODY = YES;
				CLANG_WARN_ENUM_CONVERSION = YES;
				CLANG_WARN_INFINITE_RECURSION = YES;
				CLANG_WARN_INT_CONVERSION = YES;
				CLANG_WARN_NON_LITERAL_NULL_CONVERSION = YES;
				CLANG_WARN_OBJC_IMPLICIT_RETAIN_SELF = YES;
				CLANG_WARN_OBJC_LITERAL_CONVERSION = YES;
				CLANG_WARN_OBJC_ROOT_CLASS = YES_ERROR;
				CLANG_WARN_QUOTED_INCLUDE_IN_FRAMEWORK_HEADER = YES;
				CLANG_WARN_RANGE_LOOP_ANALYSIS = YES;
				CLANG_WARN_STRICT_PROTOTYPES = YES;
				CLANG_WARN_SUSPICIOUS_MOVE = YES;
				CLANG_WARN_UNGUARDED_AVAILABILITY = YES_AGGRESSIVE;
				CLANG_WARN_UNREACHABLE_CODE = YES;
				CLANG_WARN__DUPLICATE_METHOD_MATCH = YES;
				COPY_PHASE_STRIP = NO;
				DEBUG_INFORMATION_FORMAT = dwarf;
				ENABLE_STRICT_OBJC_MSGSEND = YES;
				ENABLE_TESTABILITY = YES;
				GCC_C_LANGUAGE_STANDARD = gnu11;
				GCC_DYNAMIC_NO_PIC = NO;
				GCC_NO_COMMON_BLOCKS = YES;
				GCC_OPTIMIZATION_LEVEL = 0;
				GCC_PREPROCESSOR_DEFINITIONS = (
					"DEBUG=1",
					"$(inherited)",
				);
				GCC_WARN_64_TO_32_BIT_CONVERSION = YES;
				GCC_WARN_ABOUT_RETURN_TYPE = YES_ERROR;
				GCC_WARN_UNDECLARED_SELECTOR = YES;
				GCC_WARN_UNINITIALIZED_AUTOS = YES_AGGRESSIVE;
				GCC_WARN_UNUSED_FUNCTION = YES;
				GCC_WARN_UNUSED_VARIABLE = YES;
				IPHONEOS_DEPLOYMENT_TARGET = 13.0;
				MTL_ENABLE_DEBUG_INFO = INCLUDE_SOURCE;
				MTL_FAST_MATH = YES;
				ONLY_ACTIVE_ARCH = YES;
				SDKROOT = iphoneos;
				SWIFT_ACTIVE_COMPILATION_CONDITIONS = DEBUG;
				SWIFT_OPTIMIZATION_LEVEL = "-Onone";
			};
			name = Debug;
		};
		258AFDCB2949D1D9006C43CD /* Release */ = {
			isa = XCBuildConfiguration;
			buildSettings = {
				ALWAYS_SEARCH_USER_PATHS = NO;
				CLANG_ANALYZER_NONNULL = YES;
				CLANG_ANALYZER_NUMBER_OBJECT_CONVERSION = YES_AGGRESSIVE;
				CLANG_CXX_LANGUAGE_STANDARD = "gnu++20";
				CLANG_ENABLE_MODULES = YES;
				CLANG_ENABLE_OBJC_ARC = YES;
				CLANG_ENABLE_OBJC_WEAK = YES;
				CLANG_WARN_BLOCK_CAPTURE_AUTORELEASING = YES;
				CLANG_WARN_BOOL_CONVERSION = YES;
				CLANG_WARN_COMMA = YES;
				CLANG_WARN_CONSTANT_CONVERSION = YES;
				CLANG_WARN_DEPRECATED_OBJC_IMPLEMENTATIONS = YES;
				CLANG_WARN_DIRECT_OBJC_ISA_USAGE = YES_ERROR;
				CLANG_WARN_DOCUMENTATION_COMMENTS = YES;
				CLANG_WARN_EMPTY_BODY = YES;
				CLANG_WARN_ENUM_CONVERSION = YES;
				CLANG_WARN_INFINITE_RECURSION = YES;
				CLANG_WARN_INT_CONVERSION = YES;
				CLANG_WARN_NON_LITERAL_NULL_CONVERSION = YES;
				CLANG_WARN_OBJC_IMPLICIT_RETAIN_SELF = YES;
				CLANG_WARN_OBJC_LITERAL_CONVERSION = YES;
				CLANG_WARN_OBJC_ROOT_CLASS = YES_ERROR;
				CLANG_WARN_QUOTED_INCLUDE_IN_FRAMEWORK_HEADER = YES;
				CLANG_WARN_RANGE_LOOP_ANALYSIS = YES;
				CLANG_WARN_STRICT_PROTOTYPES = YES;
				CLANG_WARN_SUSPICIOUS_MOVE = YES;
				CLANG_WARN_UNGUARDED_AVAILABILITY = YES_AGGRESSIVE;
				CLANG_WARN_UNREACHABLE_CODE = YES;
				CLANG_WARN__DUPLICATE_METHOD_MATCH = YES;
				COPY_PHASE_STRIP = NO;
				DEBUG_INFORMATION_FORMAT = "dwarf-with-dsym";
				ENABLE_NS_ASSERTIONS = NO;
				ENABLE_STRICT_OBJC_MSGSEND = YES;
				GCC_C_LANGUAGE_STANDARD = gnu11;
				GCC_NO_COMMON_BLOCKS = YES;
				GCC_WARN_64_TO_32_BIT_CONVERSION = YES;
				GCC_WARN_ABOUT_RETURN_TYPE = YES_ERROR;
				GCC_WARN_UNDECLARED_SELECTOR = YES;
				GCC_WARN_UNINITIALIZED_AUTOS = YES_AGGRESSIVE;
				GCC_WARN_UNUSED_FUNCTION = YES;
				GCC_WARN_UNUSED_VARIABLE = YES;
				IPHONEOS_DEPLOYMENT_TARGET = 13.0;
				MTL_ENABLE_DEBUG_INFO = NO;
				MTL_FAST_MATH = YES;
				SDKROOT = iphoneos;
				SWIFT_COMPILATION_MODE = wholemodule;
				SWIFT_OPTIMIZATION_LEVEL = "-O";
				VALIDATE_PRODUCT = YES;
			};
			name = Release;
		};
		258AFDCD2949D1D9006C43CD /* Debug */ = {
			isa = XCBuildConfiguration;
			buildSettings = {
				ASSETCATALOG_COMPILER_APPICON_NAME = AppIcon;
				ASSETCATALOG_COMPILER_GLOBAL_ACCENT_COLOR_NAME = AccentColor;
				CODE_SIGN_STYLE = Automatic;
				CURRENT_PROJECT_VERSION = 1;
				DEVELOPMENT_TEAM = L5Y442FJFB;
				GENERATE_INFOPLIST_FILE = YES;
				INFOPLIST_FILE = ProductListDemo_ThirdwayvChallenge/Utilities/Info.plist;
				INFOPLIST_KEY_UIApplicationSupportsIndirectInputEvents = YES;
				INFOPLIST_KEY_UILaunchStoryboardName = LaunchScreen;
				INFOPLIST_KEY_UISupportedInterfaceOrientations_iPad = "UIInterfaceOrientationPortrait UIInterfaceOrientationPortraitUpsideDown UIInterfaceOrientationLandscapeLeft UIInterfaceOrientationLandscapeRight";
				INFOPLIST_KEY_UISupportedInterfaceOrientations_iPhone = "UIInterfaceOrientationPortrait UIInterfaceOrientationLandscapeLeft UIInterfaceOrientationLandscapeRight";
				IPHONEOS_DEPLOYMENT_TARGET = 13.0;
				LD_RUNPATH_SEARCH_PATHS = (
					"$(inherited)",
					"@executable_path/Frameworks",
				);
				MARKETING_VERSION = 1.0;
				PRODUCT_BUNDLE_IDENTIFIER = "ahmednasr.ProductListDemo-ThirdwayvChallenge";
				PRODUCT_NAME = "$(TARGET_NAME)";
				SUPPORTED_PLATFORMS = "iphoneos iphonesimulator";
				SUPPORTS_MACCATALYST = NO;
				SUPPORTS_MAC_DESIGNED_FOR_IPHONE_IPAD = NO;
				SWIFT_EMIT_LOC_STRINGS = YES;
				SWIFT_VERSION = 5.0;
				TARGETED_DEVICE_FAMILY = 1;
			};
			name = Debug;
		};
		258AFDCE2949D1D9006C43CD /* Release */ = {
			isa = XCBuildConfiguration;
			buildSettings = {
				ASSETCATALOG_COMPILER_APPICON_NAME = AppIcon;
				ASSETCATALOG_COMPILER_GLOBAL_ACCENT_COLOR_NAME = AccentColor;
				CODE_SIGN_STYLE = Automatic;
				CURRENT_PROJECT_VERSION = 1;
				DEVELOPMENT_TEAM = L5Y442FJFB;
				GENERATE_INFOPLIST_FILE = YES;
				INFOPLIST_FILE = ProductListDemo_ThirdwayvChallenge/Utilities/Info.plist;
				INFOPLIST_KEY_UIApplicationSupportsIndirectInputEvents = YES;
				INFOPLIST_KEY_UILaunchStoryboardName = LaunchScreen;
				INFOPLIST_KEY_UISupportedInterfaceOrientations_iPad = "UIInterfaceOrientationPortrait UIInterfaceOrientationPortraitUpsideDown UIInterfaceOrientationLandscapeLeft UIInterfaceOrientationLandscapeRight";
				INFOPLIST_KEY_UISupportedInterfaceOrientations_iPhone = "UIInterfaceOrientationPortrait UIInterfaceOrientationLandscapeLeft UIInterfaceOrientationLandscapeRight";
				IPHONEOS_DEPLOYMENT_TARGET = 13.0;
				LD_RUNPATH_SEARCH_PATHS = (
					"$(inherited)",
					"@executable_path/Frameworks",
				);
				MARKETING_VERSION = 1.0;
				PRODUCT_BUNDLE_IDENTIFIER = "ahmednasr.ProductListDemo-ThirdwayvChallenge";
				PRODUCT_NAME = "$(TARGET_NAME)";
				SUPPORTED_PLATFORMS = "iphoneos iphonesimulator";
				SUPPORTS_MACCATALYST = NO;
				SUPPORTS_MAC_DESIGNED_FOR_IPHONE_IPAD = NO;
				SWIFT_EMIT_LOC_STRINGS = YES;
				SWIFT_VERSION = 5.0;
				TARGETED_DEVICE_FAMILY = 1;
			};
			name = Release;
		};
/* End XCBuildConfiguration section */

/* Begin XCConfigurationList section */
		258AFDB32949D1D6006C43CD /* Build configuration list for PBXProject "ProductListDemo_ThirdwayvChallenge" */ = {
			isa = XCConfigurationList;
			buildConfigurations = (
				258AFDCA2949D1D9006C43CD /* Debug */,
				258AFDCB2949D1D9006C43CD /* Release */,
			);
			defaultConfigurationIsVisible = 0;
			defaultConfigurationName = Release;
		};
		258AFDCC2949D1D9006C43CD /* Build configuration list for PBXNativeTarget "ProductListDemo_ThirdwayvChallenge" */ = {
			isa = XCConfigurationList;
			buildConfigurations = (
				258AFDCD2949D1D9006C43CD /* Debug */,
				258AFDCE2949D1D9006C43CD /* Release */,
			);
			defaultConfigurationIsVisible = 0;
			defaultConfigurationName = Release;
		};
/* End XCConfigurationList section */

/* Begin XCSwiftPackageProductDependency section */
		258AFDE72949D833006C43CD /* UIStyle */ = {
			isa = XCSwiftPackageProductDependency;
			productName = UIStyle;
		};
/* End XCSwiftPackageProductDependency section */
	};
	rootObject = 258AFDB02949D1D6006C43CD /* Project object */;
}
